{
  "lockfileVersion": 2,
  "configVersion": 1,
  "workspaces": {
    "": {
      "name": "@harismawan/mandala-ui",
      "devDependencies": {
        "@biomejs/biome": "2.4.16",
        "@testing-library/react": "^16.3.3",
        "@types/bun": "latest",
        "@types/jsdom": "^30.0.0",
        "@types/react": "^19.3.0",
        "@types/react-dom": "^19.3.0",
        "jsdom": "^30.1.2",
        "lucide-react": "^1.52.0",
        "react": "^19.3.0",
        "react-dom": "^19.3.0",
        "typescript": "^5",
      },
      "peerDependencies": {
        "lucide-react": "^1.52.0",
        "react": "^19.0.0",
        "react-dom": "^19.0.0",
      },
    },
  },
  "packages": {
    "@asamuzakjp/css-color": ["@asamuzakjp/css-color@7.1.3", "", { "dependencies": { "@csstools/css-calc": "^3.4.2", "@csstools/css-color-parser": "^4.2.5", "@csstools/css-parser-algorithms": "^4.0.2", "@csstools/css-tokenizer": "^4.0.2", "lru-cache": "^11.5.3" } }, "sha512-1t1U8Cm3RBl9vh3RAZhjkPaduzLSvQJRToRrxpGR/eDRW99mOREleuu+mWfiFa795bUzjwht7NgphCKTs2ianQ=="],

    "@asamuzakjp/dom-selector": ["@asamuzakjp/dom-selector@9.2.4", "", { "dependencies": { "bidi-js": "^1.1.0", "css-tree": "^3.2.1", "is-potential-custom-element-name": "^1.0.1", "lru-cache": "^11.5.3" } }, "sha512-YnVzxDxLaqL0t7Q4wfcgHZjg55Wm6y5EaO7Bhu3q9J7wq/8iw3PhsnWiOQhYekx4VexnbkgWpTT6n+QIV7kczw=="],

    "@babel/code-frame": ["@babel/code-frame@7.29.7", "", { "dependencies": { "@babel/helper-validator-identifier": "^7.29.7", "js-tokens": "^4.0.0", "picocolors": "^1.1.1" } }, "sha512-Aup7aUOfpbAUg2ROOJN6Iw5f9DMBlzu0mIkm/malLQFN/YQgO48wCj0Kxa3sEHJvPVFg7siR+qRInwXd2qhQKw=="],

    "@babel/helper-validator-identifier": ["@babel/helper-validator-identifier@7.29.7", "", {}, "sha512-qehxGkRj55h/ff8EMaJ+cYhyaKlHIxqYDn682wQD7RNp9UujOQsHog2uS0r2vzr4pW+sXf90NeeayjcNaX3fFg=="],

    "@babel/runtime": ["@babel/runtime@7.29.7", "", {}, "sha512-Nq8OhGWiZIZGV6hLHoyAKLLcJihP/xFeBMGJoUrxTX2psI8dCifzLhZISFb+VWS3wFMRDmCGw5R+dOySCqPLhw=="],

    "@biomejs/biome": ["@biomejs/biome@2.4.16", "", { "optionalDependencies": { "@biomejs/cli-darwin-arm64": "2.4.16", "@biomejs/cli-darwin-x64": "2.4.16", "@biomejs/cli-linux-arm64": "2.4.16", "@biomejs/cli-linux-arm64-musl": "2.4.16", "@biomejs/cli-linux-x64": "2.4.16", "@biomejs/cli-linux-x64-musl": "2.4.16", "@biomejs/cli-win32-arm64": "2.4.16", "@biomejs/cli-win32-x64": "2.4.16" }, "bin": { "biome": "bin/biome" } }, "sha512-x9ajFh1zChVybCiM3TN6OD4phAqLgtPZjFrZF+aTMYCPjwBO+k529TX7PPsAqtGNLeV4UgzwQnowEgS7bGmzcA=="],

    "@biomejs/cli-darwin-arm64": ["@biomejs/cli-darwin-arm64@2.4.16", "", { "os": "darwin", "cpu": "arm64" }, "sha512-wxPvu4XOA85YJk9ixSWUmq/QBHbid85BISbOAqqBM/5xQpPk9ayjk5375tOlSC0BeCwNSbPFafQBm+vBumXq0A=="],

    "@biomejs/cli-darwin-x64": ["@biomejs/cli-darwin-x64@2.4.16", "", { "os": "darwin", "cpu": "x64" }, "sha512-xFCqGPwYusQJp4N4NJLi1XJiZqjwFdjhT+KqtNy+Ug3qgfczqnTa6MSDvxJF6TkuDLoYJItMapz6tAf7kCekFw=="],

    "@biomejs/cli-linux-arm64": ["@biomejs/cli-linux-arm64@2.4.16", "", { "os": "linux", "cpu": "arm64" }, "sha512-2kFb4//jxfZaP6D+Rj5VkHkxgyD9EoRAVBEQb8PKRv+s4NO2zYNJKXFaJmK1CmhufJOWEfpHKaRbOja7qjmdhQ=="],

    "@biomejs/cli-linux-arm64-musl": ["@biomejs/cli-linux-arm64-musl@2.4.16", "", { "os": "linux", "cpu": "arm64" }, "sha512-oYxnW0ARfJkr72ezzF2OR8N/rtkgLUQeYtF8cFhVswbknHxtTcmzSsanVJP8yQKnGpGpc2ck6c5zLvHahL6Cbg=="],

    "@biomejs/cli-linux-x64": ["@biomejs/cli-linux-x64@2.4.16", "", { "os": "linux", "cpu": "x64" }, "sha512-NbcBbi/nJqn5baae6wqRXdS7Gadf2uRpehSh6vMSYpG8OhkXl/Xg8aorWrJ+9VWqAT5ml90alLvorkpMW0nBwQ=="],

    "@biomejs/cli-linux-x64-musl": ["@biomejs/cli-linux-x64-musl@2.4.16", "", { "os": "linux", "cpu": "x64" }, "sha512-iHDS+MCM65DPqWGu+ECC3uoALyj2H7F4nVUPxIPjz/PIl94EUu+EDfGZDzFP+NY1EOPVt9NQvwFqq7HdMmowdg=="],

    "@biomejs/cli-win32-arm64": ["@biomejs/cli-win32-arm64@2.4.16", "", { "os": "win32", "cpu": "arm64" }, "sha512-0rgImMsNb5v/chhkIFe3wu7PEFClS6RBAYUijGL9UsYN3PanSaoK24HSSuSJb1pYbYYVjzAyZTl3gtjJ84BM8A=="],

    "@biomejs/cli-win32-x64": ["@biomejs/cli-win32-x64@2.4.16", "", { "os": "win32", "cpu": "x64" }, "sha512-Kp85jgoBHa05gix6UIRjfCDiUV3w/8VIdZ247VyyO2gEjaw12WEVhdIjlxp/AMzXxqxQwbxNTDVZ3Mwd2RG5rw=="],

    "@bramus/specificity": ["@bramus/specificity@2.4.2", "", { "dependencies": { "css-tree": "^3.0.0" }, "bin": { "specificity": "bin/cli.js" } }, "sha512-ctxtJ/eA+t+6q2++vj5j7FYX3nRu311q1wfYH3xjlLOsczhlhxAg2FWNUXhpGvAw3BWo1xBcvOV6/YLc2r5FJw=="],

    "@csstools/color-helpers": ["@csstools/color-helpers@6.1.2", "", {}, "sha512-grhRy3OKmniaAEKXMjua5z/EODX0MSqBGjunw8+j/3HQjOnahs2AGhvEOIYVUWcU6ScApbhLhVrQTX8XqrMrow=="],

    "@csstools/css-calc": ["@csstools/css-calc@3.4.3", "", { "peerDependencies": { "@csstools/css-parser-algorithms": "^4.0.2", "@csstools/css-tokenizer": "^4.0.2" } }, "sha512-iex20d8CHVkyvg6B7UKV7uHnI2Bqo9g+EFfT9E0y+GvTvhZ/DwONJ+9aKb1dlqm0ZiGsL5RXjp0fCoJYnkeDjA=="],

    "@csstools/css-color-parser": ["@csstools/css-color-parser@4.2.6", "", { "dependencies": { "@csstools/color-helpers": "^6.1.2", "@csstools/css-calc": "^3.4.3" }, "peerDependencies": { "@csstools/css-parser-algorithms": "^4.0.2", "@csstools/css-tokenizer": "^4.0.2" } }, "sha512-iiPQ3iRWwnJkeEn6RIu6SJPr7hYrLz6XZ9s/QZl+2/LI5KQVjpl2fdmDSZKuD4xP6GMmMPgHFFXg6k1Wkz0Trg=="],

    "@csstools/css-parser-algorithms": ["@csstools/css-parser-algorithms@4.0.2", "", { "peerDependencies": { "@csstools/css-tokenizer": "^4.0.2" } }, "sha512-40cSKyMvK+tq4qz6Awrlye2WGuOKt3FwPgtGg6KTfbHOWNw+Rk1rzbAtZnZ6IBhsY491HLRnDXwoyBAijmmILA=="],

    "@csstools/css-syntax-patches-for-csstree": ["@csstools/css-syntax-patches-for-csstree@1.1.15", "", { "peerDependencies": { "css-tree": "^3.2.1" }, "optionalPeers": ["css-tree"] }, "sha512-J0u7HkVl2nzSlhsiTOp4AmwcUQ3D+mGEEKfBy/7To5/y7F2OHwyLrXfrhR0SMgr4p5Lo+eaMVSeai24zUcBIxA=="],

    "@csstools/css-tokenizer": ["@csstools/css-tokenizer@4.0.2", "", {}, "sha512-OoKoR0f76dCY666JlcbhmVTs2drYj1GUXZTYTcbUgJjh9Nv41aFfZ21bPQTERm5+L5cBDo466NltB2lplS5GBw=="],

    "@exodus/bytes": ["@exodus/bytes@1.16.0", "", { "peerDependencies": { "@noble/hashes": "^1.8.0 || ^2.0.0" }, "optionalPeers": ["@noble/hashes"] }, "sha512-IcpW84uEn3N7ETtNZMlxKhfl6Pec8rUNGOTBtWbK1FKhJxIFAptZyVrvVRVBimAJxJCgc3PxepxkdWWG4DVzfA=="],

    "@testing-library/dom": ["@testing-library/dom@10.4.2", "", { "dependencies": { "@babel/code-frame": "^7.10.4", "@babel/runtime": "^7.12.5", "@types/aria-query": "^5.0.1", "aria-query": "5.3.0", "dom-accessibility-api": "^0.5.9", "lz-string": "^1.5.0", "picocolors": "1.1.1", "pretty-format": "^27.0.2" } }, "sha512-yzr2S9HyAIdhz2/6qHgbs665Q7PKVcDF05vsOlHPxG1mo36gKVesdYVeDLnXgfjJ03CrKRk08knc6+E/9m8v2Q=="],

    "@testing-library/react": ["@testing-library/react@16.3.3", "", { "dependencies": { "@babel/runtime": "^7.12.5" }, "peerDependencies": { "@testing-library/dom": "^10.0.0", "@types/react": "^18.0.0 || ^19.0.0", "@types/react-dom": "^18.0.0 || ^19.0.0", "react": "^18.0.0 || ^19.0.0", "react-dom": "^18.0.0 || ^19.0.0" }, "optionalPeers": ["@types/react", "@types/react-dom"] }, "sha512-Uo193NgQbPMz6lrrhtRQQFcMC6Re/ELLFbbuVL30WDlZxlpZf9/lMHTAVxPRLw1q1iu9OJmR1c2BLiENRstdBg=="],

    "@types/aria-query": ["@types/aria-query@5.0.4", "", {}, "sha512-rfT93uj5s0PRL7EzccGMs3brplhcrghnDoV26NqKhCAS1hVo+WdNsPvE/yb6ilfr5hi2MEk6d5EWJTKdxg8jVw=="],

    "@types/bun": ["@types/bun@1.4.2", "", { "dependencies": { "bun-types": "1.4.2" } }, "sha512-GimotNn7+ZV0uVArItBbriZsR1oNf0+WTzPkdcFrzShI7k2norL0uzEaJT8T33dWr7O/c9ZDuAFQrctKCi72oQ=="],

    "@types/jsdom": ["@types/jsdom@30.0.0", "", { "dependencies": { "@types/node": "*", "@types/tough-cookie": "*", "parse5": "^8.0.0", "undici-types": "^8.9.0" } }, "sha512-uAHGxujGE0cDaKGdK28zgDotFtNA7MKq5DXl8LrfdxdCI8VHcg15oJz+amHTChPNI5JpgEPQWc2xFdrw3em/nQ=="],

    "@types/node": ["@types/node@26.6.4", "", { "dependencies": { "undici-types": "~8.9.0" } }, "sha512-ldVPDCzj7fsaGZrLB0NuHuTvJcsNasysBAqMolr/cgxrLd1xbqxIr3XJiPnHHJUCxj5sNF1vnRj9aWnrVh5Jcg=="],

    "@types/react": ["@types/react@19.3.0", "", { "dependencies": { "csstype": "^3.2.2" } }, "sha512-N0rFCuH9YoxG9/m61l9MfpJKfmLOVU0em7ipIz6TRgSSkvReLB9vL85GB+yr8Bs5leqpvg96JSwF4ZS1s4viQg=="],

    "@types/react-dom": ["@types/react-dom@19.3.0", "", { "peerDependencies": { "@types/react": "^19.3.0" } }, "sha512-ZI7bU42mZXXKHn/qNLEw2IrbiINU7X5+vfgdixBHkCNpYWXjKgfQ/P+uyGb5CjOLB9UcnTeg3rylQtV2hym44Q=="],

    "@types/tough-cookie": ["@types/tough-cookie@4.0.5", "", {}, "sha512-/Ad8+nIOV7Rl++6f1BdKxFSMgmoqEoYbHRpPcx3JEfv8VRsQe9Z4mCXeJBzxs7mbHY/XOZZuXlRNfhpVPbs6ZA=="],

    "ansi-regex": ["ansi-regex@5.0.1", "", {}, "sha512-quJQXlTSUGL2LH9SUXo8VwsY4soanhgo6LNSm84E1LBcE8s3O0wpdiRzyR9z/ZZJMlMWv37qOOb9pdJlMUEKFQ=="],

    "ansi-styles": ["ansi-styles@5.2.0", "", {}, "sha512-Cxwpt2SfTzTtXcfOlzGEee8O+c+MmUgGrNiBcXnuWxuFJHe6a5Hz7qwhwe5OgaSYI0IJvkLqWX1ASG+cJOkEiA=="],

    "aria-query": ["aria-query@5.3.0", "", { "dependencies": { "dequal": "^2.0.3" } }, "sha512-b0P0sZPKtyu8HkeRAfCq0IfURZK+SuwMjY1UXGBU27wpAiTwQAIlq56IbIO+ytk/JjS1fMR14ee5WBBfKi5J6A=="],

    "bidi-js": ["bidi-js@1.1.0", "", { "dependencies": { "require-from-string": "^2.0.2" } }, "sha512-fX1Onk0tdVPC7obPWB5EbJ1z7NVhLq4m2xZLq2YXBkxzMXIGRpNMU88n0EPgWseKl12J7zXs7qrDxPK4sRs2fg=="],

    "bun-types": ["bun-types@1.4.2", "", { "dependencies": { "@types/node": "*" } }, "sha512-bxV1FgK7yBIzjRe5zBozIM4Bem11ZJcCXSrjWRG3YWLt8yFDePu4cLjpebO8OvPeIE9trbyPF4fuj3Cia4Fj3w=="],

    "css-tree": ["css-tree@3.2.1", "", { "dependencies": { "mdn-data": "2.27.1", "source-map-js": "^1.2.1" } }, "sha512-X7sjQzceUhu1u7Y/ylrRZFU2FS6LRiFVp6rKLPg23y3x3c3DOKAwuXGDp+PAGjh6CSnCjYeAul8pcT8bAl+lSA=="],

    "csstype": ["csstype@3.2.3", "", {}, "sha512-z1HGKcYy2xA8AGQfwrn0PAy+PB7X/GSj3UVJW9qKyn43xWa+gl5nXmU4qqLMRzWVLFC8KusUX8T/0kCiOYpAIQ=="],

    "data-urls": ["data-urls@8.0.0", "", { "dependencies": { "whatwg-mimetype": "^5.0.0", "whatwg-url": "^17.1.2" } }, "sha512-JQUCCK+/CAGbGGx618PlFZMXH81Jtj7t73CHv9dd/zVWvxgGT2zLFRjnKb+Ng46GIwcy+f7f88qd4duqllK+WQ=="],

    "decimal.js": ["decimal.js@10.6.0", "", {}, "sha512-YpgQiITW3JXGntzdUmyUR1V812Hn8T1YVXhCu+wO3OpS4eU9l4YdD3qjyiKdV6mvV29zapkMeD390UVEf2lkUg=="],

    "dequal": ["dequal@2.0.3", "", {}, "sha512-0je+qPKHEMohvfRTCEo3CrPG6cAzAYgmzKyxRiYSSDkS6eGJdyVJm7WaYA5ECaAD9wLB2T4EEeymA5aFVcYXCA=="],

    "dom-accessibility-api": ["dom-accessibility-api@0.5.16", "", {}, "sha512-X7BJ2yElsnOJ30pZF4uIIDfBEVgF4XEBxL9Bxhy6dnrm5hkzqmsWHGTiHqRiITNhMyFLyAiWndIJP7Z1NTteDg=="],

    "entities": ["entities@8.1.0", "", {}, "sha512-kxL7msIffSuh9aaFAMD7rxAIuTRMAHMeBtgHW2yUdWw732ZNh4MehkF2gdjvtdmikkaIP9bFDDJOPlsvm7avrA=="],

    "html-encoding-sniffer": ["html-encoding-sniffer@7.0.0", "", { "dependencies": { "@exodus/bytes": "^1.15.1" } }, "sha512-UikN5yr7xsCDAq87Or5or0PAlD3HJJOKVzM05az588WnpDJ4Ux7a2A53Qi6gofGg2/EtvF/H4hCi/TXfCW4Y6w=="],

    "is-potential-custom-element-name": ["is-potential-custom-element-name@1.0.1", "", {}, "sha512-bCYeRA2rVibKZd+s2625gGnGF/t7DSqDs4dP7CrLA1m7jKWz6pps0LpYLJN8Q64HtmPKJ1hrN3nzPNKFEKOUiQ=="],

    "js-tokens": ["js-tokens@4.0.0", "", {}, "sha512-RdJUflcE3cUzKiMqQgsCu06FPu9UdIJO0beYbPhHN4k6apgJtifcoCtT9bcxOpYBtpD2kCM6Sbzg4CausW/PKQ=="],

    "jsdom": ["jsdom@30.1.2", "", { "dependencies": { "@asamuzakjp/css-color": "^7.1.3", "@asamuzakjp/dom-selector": "^9.2.4", "@bramus/specificity": "^2.4.2", "@csstools/css-syntax-patches-for-csstree": "^1.1.15", "@exodus/bytes": "^1.16.0", "css-tree": "^3.2.1", "data-urls": "^8.0.0", "decimal.js": "^10.6.0", "html-encoding-sniffer": "^7.0.0", "is-potential-custom-element-name": "^1.0.1", "lru-cache": "^11.5.3", "parse5": "^8.0.1", "saxes": "^6.0.0", "tough-cookie": "^6.0.2", "undici": "^8.11.2", "w3c-xmlserializer": "^6.0.0", "webidl-conversions": "^8.0.1", "whatwg-mimetype": "^5.0.0", "whatwg-url": "^17.2.0", "xml-name-validator": "^5.0.0" }, "peerDependencies": { "canvas": "^3.2.3" }, "optionalPeers": ["canvas"] }, "sha512-0FFE/jE1rppmVfUrJUgxqXjcwolZYIGtAgj1pTussMhNZxIxi7W/PvfWaMNroGi2B36X1IKHbexpZ9DhkoOPiQ=="],

    "lru-cache": ["lru-cache@11.5.3", "", {}, "sha512-U4N8FgzmWxc8k1VH8Kr6lQg18U7Fjvby6wXHVRX/ZZ7IwWbRMgrRbP0Wrb5q5NVinryp4SQampHKdvtecItxUg=="],

    "lucide-react": ["lucide-react@1.52.0", "", { "peerDependencies": { "@types/react": "*", "react": "^16.5.1 || ^17.0.0 || ^18.0.0 || ^19.0.0" }, "optionalPeers": ["@types/react"] }, "sha512-TUgPtl5ZI9WgxOcbu4ckaC5B3l1qxPQrCMgb6OfUB9owx/OvSJfcf93SMgUWAxRw5/1XDfh9uI5F5iNGXCcGDQ=="],

    "lz-string": ["lz-string@1.5.0", "", { "bin": { "lz-string": "bin/bin.js" } }, "sha512-h5bgJWpxJNswbU7qCrV0tIKQCaS3blPDrqKWx+QxzuzL1zGUzij9XCWLrSLsJPu5t+eWA/ycetzYAO5IOMcWAQ=="],

    "mdn-data": ["mdn-data@2.27.1", "", {}, "sha512-9Yubnt3e8A0OKwxYSXyhLymGW4sCufcLG6VdiDdUGVkPhpqLxlvP5vl1983gQjJl3tqbrM731mjaZaP68AgosQ=="],

    "parse5": ["parse5@8.0.1", "", { "dependencies": { "entities": "^8.0.0" } }, "sha512-z1e/HMG90obSGeidlli3hj7cbocou0/wa5HacvI3ASx34PecNjNQeaHNo5WIZpWofN9kgkqV1q5YvXe3F0FoPw=="],

    "picocolors": ["picocolors@1.1.1", "", {}, "sha512-xceH2snhtb5M9liqDsmEw56le376mTZkEX/jEb/RxNFyegNul7eNslCXP9FDj/Lcu0X8KEyMceP2ntpaHrDEVA=="],

    "pretty-format": ["pretty-format@27.5.1", "", { "dependencies": { "ansi-regex": "^5.0.1", "ansi-styles": "^5.0.0", "react-is": "^17.0.1" } }, "sha512-Qb1gy5OrP5+zDf2Bvnzdl3jsTf1qXVMazbvCoKhtKqVs4/YK4ozX4gKQJJVyNe+cajNPn0KoC0MC3FUmaHWEmQ=="],

    "punycode": ["punycode@2.3.1", "", {}, "sha512-vYt7UD1U9Wg6138shLtLOvdAu+8DsC/ilFtEVHcH+wydcSpNE20AfSOduf6MkRFahL5FY7X1oU7nKVZFtfq8Fg=="],

    "react": ["react@19.3.0", "", {}, "sha512-E8LUcbtBWt20bbl2YoHfx4ZDBdxVTfOKtCZn9cDSJ4l6/nuoApcpIBcj47t2wZoVX8g2ZHuMHbiShgCR1T5Sog=="],

    "react-dom": ["react-dom@19.3.0", "", { "dependencies": { "scheduler": "^0.28.0" }, "peerDependencies": { "react": "^19.3.0" } }, "sha512-JDk8dgif51OjFoDE70+OT9ICyYr+69HlmihNwp1+Nsfbna3t5sIiCa9ZJktDmQ4/1b/rn26hIAR2uYXDMr5r0Q=="],

    "react-is": ["react-is@17.0.2", "", {}, "sha512-w2GsyukL62IJnlaff/nRegPQR94C/XXamvMWmSHRJ4y7Ts/4ocGRmTHvOs8PSE6pB3dWOrD/nueuU5sduBsQ4w=="],

    "require-from-string": ["require-from-string@2.0.2", "", {}, "sha512-Xf0nWe6RseziFMu+Ap9biiUbmplq6S9/p+7w7YXP/JBHhrUDDUhwa+vANyubuqfZWTveU//DYVGsDG7RKL/vEw=="],

    "saxes": ["saxes@6.0.0", "", { "dependencies": { "xmlchars": "^2.2.0" } }, "sha512-xAg7SOnEhrm5zI3puOOKyy1OMcMlIJZYNJY7xLBwSze0UjhPLnWfj2GF2EpT0jmzaJKIWKHLsaSSajf35bcYnA=="],

    "scheduler": ["scheduler@0.28.0", "", {}, "sha512-juorfCmIkIw8tT+p5BXSm6PJjQF/ycEYmKyzURCIt/RaZIhL+PulbQ9Yu2z1HdOJDdqDTlxA1+xKBmHXJsczAw=="],

    "source-map-js": ["source-map-js@1.2.2", "", {}, "sha512-KGj/8Y43x35aZVDtt+J4mK1hoLGHULMYfSkODJNQjNDC3oW1PqPoxMwo0pLUsWM/UEGzON/NxeHywEfNXNP3Vw=="],

    "tldts": ["tldts@7.4.16", "", { "dependencies": { "tldts-core": "^7.4.16" }, "bin": { "tldts": "bin/cli.js" } }, "sha512-QwBER5KMR86IIjpIiO7H/Z3IMJPsZ1A6RKPAqzTTgOyUQUSt9FdnKcqhTaJmkY6HVrgouZHZR0ncK5QxvmnQeg=="],

    "tldts-core": ["tldts-core@7.4.16", "", {}, "sha512-MDolfaSJtlSK5Y0A1xl3277ekubZwobpBjugknDizI9O5Rm60a1m8k4ICK+MRsCDzPygT81mp3BBf5RKDlFRfA=="],

    "tough-cookie": ["tough-cookie@6.0.2", "", { "dependencies": { "tldts": "^7.0.5" } }, "sha512-exgYmnmL/sJpR3upZfXG5PoatXQii55xAiXGXzY+sROLZ/Y+SLcp9PgJNI9Vz37HpQ74WvDcLT8eqm+kV3FzrA=="],

    "tr46": ["tr46@7.0.0", "", { "dependencies": { "punycode": "^2.3.1" } }, "sha512-BcDSDW+SIGWVOns1Zm6Yg91q9AEj7eaID0QDY9oIqJD1A8dscNwMcl9Sms2DeuWCNov1X0/oXanHGYQBSLwZsg=="],

    "typescript": ["typescript@5.9.3", "", { "bin": { "tsc": "bin/tsc", "tsserver": "bin/tsserver" } }, "sha512-jl1vZzPDinLr9eUt3J/t7V6FgNEw9QjvBPdysz9KfQDD41fQrC2Y4vKQdiaUpFT4bXlb1RHhLpp8wtm6M5TgSw=="],

    "undici": ["undici@8.11.2", "", {}, "sha512-u4UB2/IrKdU6lFxumHmmo1a3fCQO5tzQllRorfoRS63txhrB7xTpSn1PftwC4qEHkOaqP95fCWW4lJzwErwzhQ=="],

    "undici-types": ["undici-types@8.11.2", "", {}, "sha512-iMVNmWZ0leK/goS6eXMizSzmm9CDWtyphwbaCms3DNLqRxDL+mMoNVcZMTyyVgXP0N+Z8neAMzDoUOUJL8veKg=="],

    "w3c-xmlserializer": ["w3c-xmlserializer@6.0.0", "", { "dependencies": { "xml-name-validator": "^5.0.0" } }, "sha512-4Nsy8K5Tr6SPDH9jhKJOHf7ChDrc1zufZTVSF7x72hwuEXBqxqk9G6cK+K2NRUtB3iELRJqjXb4JPDMBjMTl2Q=="],

    "webidl-conversions": ["webidl-conversions@8.0.1", "", {}, "sha512-BMhLD/Sw+GbJC21C/UgyaZX41nPt8bUTg+jWyDeg7e7YN4xOM05YPSIXceACnXVtqyEw/LMClUQMtMZ+PGGpqQ=="],

    "whatwg-mimetype": ["whatwg-mimetype@5.0.0", "", {}, "sha512-sXcNcHOC51uPGF0P/D4NVtrkjSU2fNsm9iog4ZvZJsL3rjoDAzXZhkm2MWt1y+PUdggKAYVoMAIYcs78wJ51Cw=="],

    "whatwg-url": ["whatwg-url@17.2.0", "", { "dependencies": { "@exodus/bytes": "^1.16.0", "tr46": "^7.0.0", "webidl-conversions": "^8.0.1" } }, "sha512-IhLIHNcBrzIixC5XXsbr4DxdjajyA5vQ5RwGZMtrUp+GbtE5Nrsge9QKau7jXrC0aTXLYGV0xiW7Tb4YS2aomw=="],

    "xml-name-validator": ["xml-name-validator@5.0.0", "", {}, "sha512-EvGK8EJ3DhaHfbRlETOWAS5pO9MZITeauHKJyb8wyajUfQUenkIg2MvLDTZ4T/TgIcm3HU0TFBgWWboAZ30UHg=="],

    "xmlchars": ["xmlchars@2.2.0", "", {}, "sha512-JZnDKK8B0RCDw84FNdDAIpZK+JuJw+s7Lz8nksI7SIuU3UXJJslUthsi+uWBUYOwPFwW7W7PRLRfUKpxjtjFCw=="],

    "@types/node/undici-types": ["undici-types@8.9.0", "", {}, "sha512-KTDyRTYX8sWmKXAikPHHSyc63CRPETMctyjKFupcC6OBLXT3xsN0e9aF7m+mIXutFWpUXuedtowG7iLOzp0kQg=="],
  }
}
